
Microsoft Visual Studio Solution File, Format Version 12.00
# Visual Studio Version 16
VisualStudioVersion = 16.0.30523.141
MinimumVisualStudioVersion = 10.0.40219.1
Project("{8BC9CEB8-8B4A-11D0-8D11-00A0C91BC942}") = "Lecture Halls", "Lecture Halls.vcxproj", "{CABB3495-FF63-4510-BBDB-5B3598DAF93A}"
EndProject
Global
	GlobalSection(SolutionConfigurationPlatforms) = preSolution
		Debug|x64 = Debug|x64
		Debug|x86 = Debug|x86
		Release|x64 = Release|x64
		Release|x86 = Release|x86
	EndGlobalSection
	GlobalSection(ProjectConfigurationPlatforms) = postSolution
		{CABB3495-FF63-4510-BBDB-5B3598DAF93A}.Debug|x64.ActiveCfg = Debug|x64
		{CABB3495-FF63-4510-BBDB-5B3598DAF93A}.Debug|x64.Build.0 = Debug|x64
		{CABB3495-FF63-4510-BBDB-5B3598DAF93A}.Debug|x86.ActiveCfg = Debug|Win32
		{CABB3495-FF63-4510-BBDB-5B3598DAF93A}.Debug|x86.Build.0 = Debug|Win32
		{CABB3495-FF63-4510-BBDB-5B3598DAF93A}.Release|x64.ActiveCfg = Release|x64
		{CABB3495-FF63-4510-BBDB-5B3598DAF93A}.Release|x64.Build.0 = Release|x64
		{CABB3495-FF63-4510-BBDB-5B3598DAF93A}.Release|x86.ActiveCfg = Release|Win32
		{CABB3495-FF63-4510-BBDB-5B3598DAF93A}.Release|x86.Build.0 = Release|Win32
	EndGlobalSection
	GlobalSection(SolutionProperties) = preSolution
		HideSolutionNode = FALSE
	EndGlobalSection
	GlobalSection(ExtensibilityGlobals) = postSolution
		SolutionGuid = {8FADFD9D-8017-456A-B2C2-EFCCA6D189FA}
	EndGlobalSection
EndGlobal
